// !$*UTF8*$!
{
	archiveVersion = 1;
	classes = {
	};
	objectVersion = 46;
	objects = {

/* Begin PBXBuildFile section */
		5476A0621C3AE4BD00DC4054 /* main.m in Sources */ = {isa = PBXBuildFile; fileRef = 5476A0611C3AE4BD00DC4054 /* main.m */; };
		5476A0651C3AE4BD00DC4054 /* AppDelegate.m in Sources */ = {isa = PBXBuildFile; fileRef = 5476A0641C3AE4BD00DC4054 /* AppDelegate.m */; };
		5476A0681C3AE4BD00DC4054 /* ViewController.m in Sources */ = {isa = PBXBuildFile; fileRef = 5476A0671C3AE4BD00DC4054 /* ViewController.m */; };
		5476A06B1C3AE4BD00DC4054 /* Main.storyboard in Resources */ = {isa = PBXBuildFile; fileRef = 5476A0691C3AE4BD00DC4054 /* Main.storyboard */; };
		5476A06D1C3AE4BD00DC4054 /* Assets.xcassets in Resources */ = {isa = PBXBuildFile; fileRef = 5476A06C1C3AE4BD00DC4054 /* Assets.xcassets */; };
		5476A0701C3AE4BD00DC4054 /* LaunchScreen.storyboard in Resources */ = {isa = PBXBuildFile; fileRef = 5476A06E1C3AE4BD00DC4054 /* LaunchScreen.storyboard */; };
		5476A07B1C3AE4BD00DC4054 /* Test_DatabaseTests.m in Sources */ = {isa = PBXBuildFile; fileRef = 5476A07A1C3AE4BD00DC4054 /* Test_DatabaseTests.m */; };
		5476A0861C3AE4BD00DC4054 /* Test_DatabaseUITests.m in Sources */ = {isa = PBXBuildFile; fileRef = 5476A0851C3AE4BD00DC4054 /* Test_DatabaseUITests.m */; };
		9820548FF01E053CE94E69E9 /* libPods.a in Frameworks */ = {isa = PBXBuildFile; fileRef = 7D9D62D89E8F0F4C62F9968B /* libPods.a */; };
/* End PBXBuildFile section */

/* Begin PBXContainerItemProxy section */
		5476A0771C3AE4BD00DC4054 /* PBXContainerItemProxy */ = {
			isa = PBXContainerItemProxy;
			containerPortal = 5476A0551C3AE4BD00DC4054 /* Project object */;
			proxyType = 1;
			remoteGlobalIDString = 5476A05C1C3AE4BD00DC4054;
			remoteInfo = "Test-Database";
		};
		5476A0821C3AE4BD00DC4054 /* PBXContainerItemProxy */ = {
			isa = PBXContainerItemProxy;
			containerPortal = 5476A0551C3AE4BD00DC4054 /* Project object */;
			proxyType = 1;
			remoteGlobalIDString = 5476A05C1C3AE4BD00DC4054;
			remoteInfo = "Test-Database";
		};
/* End PBXContainerItemProxy section */

/* Begin PBXFileReference section */
		03A36A406350D47505430EDB /* Pods.debug.xcconfig */ = {isa = PBXFileReference; includeInIndex = 1; lastKnownFileType = text.xcconfig; name = Pods.debug.xcconfig; path = "Pods/Target Support Files/Pods/Pods.debug.xcconfig"; sourceTree = "<group>"; };
		5476A05D1C3AE4BD00DC4054 /* Test-Database.app */ = {isa = PBXFileReference; explicitFileType = wrapper.application; includeInIndex = 0; path = "Test-Database.app"; sourceTree = BUILT_PRODUCTS_DIR; };
		5476A0611C3AE4BD00DC4054 /* main.m */ = {isa = PBXFileReference; lastKnownFileType = sourcecode.c.objc; path = main.m; sourceTree = "<group>"; };
		5476A0631C3AE4BD00DC4054 /* AppDelegate.h */ = {isa = PBXFileReference; lastKnownFileType = sourcecode.c.h; path = AppDelegate.h; sourceTree = "<group>"; };
		5476A0641C3AE4BD00DC4054 /* AppDelegate.m */ = {isa = PBXFileReference; lastKnownFileType = sourcecode.c.objc; path = AppDelegate.m; sourceTree = "<group>"; };
		5476A0661C3AE4BD00DC4054 /* ViewController.h */ = {isa = PBXFileReference; lastKnownFileType = sourcecode.c.h; path = ViewController.h; sourceTree = "<group>"; };
		5476A0671C3AE4BD00DC4054 /* ViewController.m */ = {isa = PBXFileReference; lastKnownFileType = sourcecode.c.objc; path = ViewController.m; sourceTree = "<group>"; };
		5476A06A1C3AE4BD00DC4054 /* Base */ = {isa = PBXFileReference; lastKnownFileType = file.storyboard; name = Base; path = Base.lproj/Main.storyboard; sourceTree = "<group>"; };
		5476A06C1C3AE4BD00DC4054 /* Assets.xcassets */ = {isa = PBXFileReference; lastKnownFileType = folder.assetcatalog; path = Assets.xcassets; sourceTree = "<group>"; };
		5476A06F1C3AE4BD00DC4054 /* Base */ = {isa = PBXFileReference; lastKnownFileType = file.storyboard; name = Base; path = Base.lproj/LaunchScreen.storyboard; sourceTree = "<group>"; };
		5476A0711C3AE4BD00DC4054 /* Info.plist */ = {isa = PBXFileReference; lastKnownFileType = text.plist.xml; path = Info.plist; sourceTree = "<group>"; };
		5476A0761C3AE4BD00DC4054 /* Test-DatabaseTests.xctest */ = {isa = PBXFileReference; explicitFileType = wrapper.cfbundle; includeInIndex = 0; path = "Test-DatabaseTests.xctest"; sourceTree = BUILT_PRODUCTS_DIR; };
		5476A07A1C3AE4BD00DC4054 /* Test_DatabaseTests.m */ = {isa = PBXFileReference; lastKnownFileType = sourcecode.c.objc; path = Test_DatabaseTests.m; sourceTree = "<group>"; };
		5476A07C1C3AE4BD00DC4054 /* Info.plist */ = {isa = PBXFileReference; lastKnownFileType = text.plist.xml; path = Info.plist; sourceTree = "<group>"; };
		5476A0811C3AE4BD00DC4054 /* Test-DatabaseUITests.xctest */ = {isa = PBXFileReference; explicitFileType = wrapper.cfbundle; includeInIndex = 0; path = "Test-DatabaseUITests.xctest"; sourceTree = BUILT_PRODUCTS_DIR; };
		5476A0851C3AE4BD00DC4054 /* Test_DatabaseUITests.m */ = {isa = PBXFileReference; lastKnownFileType = sourcecode.c.objc; path = Test_DatabaseUITests.m; sourceTree = "<group>"; };
		5476A0871C3AE4BD00DC4054 /* Info.plist */ = {isa = PBXFileReference; lastKnownFileType = text.plist.xml; path = Info.plist; sourceTree = "<group>"; };
		7D9D62D89E8F0F4C62F9968B /* libPods.a */ = {isa = PBXFileReference; explicitFileType = archive.ar; includeInIndex = 0; path = libPods.a; sourceTree = BUILT_PRODUCTS_DIR; };
		D1B947E6BBB54A6D46FE78C8 /* Pods.release.xcconfig */ = {isa = PBXFileReference; includeInIndex = 1; lastKnownFileType = text.xcconfig; name = Pods.release.xcconfig; path = "Pods/Target Support Files/Pods/Pods.release.xcconfig"; sourceTree = "<group>"; };
/* End PBXFileReference section */

/* Begin PBXFrameworksBuildPhase section */
		5476A05A1C3AE4BD00DC4054 /* Frameworks */ = {
			isa = PBXFrameworksBuildPhase;
			buildActionMask = 2147483647;
			files = (
				9820548FF01E053CE94E69E9 /* libPods.a in Frameworks */,
			);
			runOnlyForDeploymentPostprocessing = 0;
		};
		5476A0731C3AE4BD00DC4054 /* Frameworks */ = {
			isa = PBXFrameworksBuildPhase;
			buildActionMask = 2147483647;
			files = (
			);
			runOnlyForDeploymentPostprocessing = 0;
		};
		5476A07E1C3AE4BD00DC4054 /* Frameworks */ = {
			isa = PBXFrameworksBuildPhase;
			buildActionMask = 2147483647;
			files = (
			);
			runOnlyForDeploymentPostprocessing = 0;
		};
/* End PBXFrameworksBuildPhase section */

/* Begin PBXGroup section */
		5476A0541C3AE4BD00DC4054 = {
			isa = PBXGroup;
			children = (
				5476A05F1C3AE4BD00DC4054 /* Test-Database */,
				5476A0791C3AE4BD00DC4054 /* Test-DatabaseTests */,
				5476A0841C3AE4BD00DC4054 /* Test-DatabaseUITests */,
				5476A05E1C3AE4BD00DC4054 /* Products */,
				63B6DDC2BAA2D98BB9BEE88A /* Pods */,
				E24ED5903F088CB58B2F186E /* Frameworks */,
			);
			sourceTree = "<group>";
		};
		5476A05E1C3AE4BD00DC4054 /* Products */ = {
			isa = PBXGroup;
			children = (
				5476A05D1C3AE4BD00DC4054 /* Test-Database.app */,
				5476A0761C3AE4BD00DC4054 /* Test-DatabaseTests.xctest */,
				5476A0811C3AE4BD00DC4054 /* Test-DatabaseUITests.xctest */,
			);
			name = Products;
			sourceTree = "<group>";
		};
		5476A05F1C3AE4BD00DC4054 /* Test-Database */ = {
			isa = PBXGroup;
			children = (
				5476A0631C3AE4BD00DC4054 /* AppDelegate.h */,
				5476A0641C3AE4BD00DC4054 /* AppDelegate.m */,
				5476A0661C3AE4BD00DC4054 /* ViewController.h */,
				5476A0671C3AE4BD00DC4054 /* ViewController.m */,
				5476A0691C3AE4BD00DC4054 /* Main.storyboard */,
				5476A06C1C3AE4BD00DC4054 /* Assets.xcassets */,
				5476A06E1C3AE4BD00DC4054 /* LaunchScreen.storyboard */,
				5476A0711C3AE4BD00DC4054 /* Info.plist */,
				5476A0601C3AE4BD00DC4054 /* Supporting Files */,
			);
			path = "Test-Database";
			sourceTree = "<group>";
		};
		5476A0601C3AE4BD00DC4054 /* Supporting Files */ = {
			isa = PBXGroup;
			children = (
				5476A0611C3AE4BD00DC4054 /* main.m */,
			);
			name = "Supporting Files";
			sourceTree = "<group>";
		};
		5476A0791C3AE4BD00DC4054 /* Test-DatabaseTests */ = {
			isa = PBXGroup;
			children = (
				5476A07A1C3AE4BD00DC4054 /* Test_DatabaseTests.m */,
				5476A07C1C3AE4BD00DC4054 /* Info.plist */,
			);
			path = "Test-DatabaseTests";
			sourceTree = "<group>";
		};
		5476A0841C3AE4BD00DC4054 /* Test-DatabaseUITests */ = {
			isa = PBXGroup;
			children = (
				5476A0851C3AE4BD00DC4054 /* Test_DatabaseUITests.m */,
				5476A0871C3AE4BD00DC4054 /* Info.plist */,
			);
			path = "Test-DatabaseUITests";
			sourceTree = "<group>";
		};
		63B6DDC2BAA2D98BB9BEE88A /* Pods */ = {
			isa = PBXGroup;
			children = (
				03A36A406350D47505430EDB /* Pods.debug.xcconfig */,
				D1B947E6BBB54A6D46FE78C8 /* Pods.release.xcconfig */,
			);
			name = Pods;
			sourceTree = "<group>";
		};
		E24ED5903F088CB58B2F186E /* Frameworks */ = {
			isa = PBXGroup;
			children = (
				7D9D62D89E8F0F4C62F9968B /* libPods.a */,
			);
			name = Frameworks;
			sourceTree = "<group>";
		};
/* End PBXGroup section */

/* Begin PBXNativeTarget section */
		5476A05C1C3AE4BD00DC4054 /* Test-Database */ = {
			isa = PBXNativeTarget;
			buildConfigurationList = 5476A08A1C3AE4BD00DC4054 /* Build configuration list for PBXNativeTarget "Test-Database" */;
			buildPhases = (
				DCE9C52BDE523586E13234B2 /* Check Pods Manifest.lock */,
				5476A0591C3AE4BD00DC4054 /* Sources */,
				5476A05A1C3AE4BD00DC4054 /* Frameworks */,
				5476A05B1C3AE4BD00DC4054 /* Resources */,
				0A4A7A6F3B159D1775861959 /* Embed Pods Frameworks */,
				F5DE63F9F00A9A44D161D150 /* Copy Pods Resources */,
			);
			buildRules = (
			);
			dependencies = (
			);
			name = "Test-Database";
			productName = "Test-Database";
			productReference = 5476A05D1C3AE4BD00DC4054 /* Test-Database.app */;
			productType = "com.apple.product-type.application";
		};
		5476A0751C3AE4BD00DC4054 /* Test-DatabaseTests */ = {
			isa = PBXNativeTarget;
			buildConfigurationList = 5476A08D1C3AE4BD00DC4054 /* Build configuration list for PBXNativeTarget "Test-DatabaseTests" */;
			buildPhases = (
				5476A0721C3AE4BD00DC4054 /* Sources */,
				5476A0731C3AE4BD00DC4054 /* Frameworks */,
				5476A0741C3AE4BD00DC4054 /* Resources */,
			);
			buildRules = (
			);
			dependencies = (
				5476A0781C3AE4BD00DC4054 /* PBXTargetDependency */,
			);
			name = "Test-DatabaseTests";
			productName = "Test-DatabaseTests";
			productReference = 5476A0761C3AE4BD00DC4054 /* Test-DatabaseTests.xctest */;
			productType = "com.apple.product-type.bundle.unit-test";
		};
		5476A0801C3AE4BD00DC4054 /* Test-DatabaseUITests */ = {
			isa = PBXNativeTarget;
			buildConfigurationList = 5476A0901C3AE4BD00DC4054 /* Build configuration list for PBXNativeTarget "Test-DatabaseUITests" */;
			buildPhases = (
				5476A07D1C3AE4BD00DC4054 /* Sources */,
				5476A07E1C3AE4BD00DC4054 /* Frameworks */,
				5476A07F1C3AE4BD00DC4054 /* Resources */,
			);
			buildRules = (
			);
			dependencies = (
				5476A0831C3AE4BD00DC4054 /* PBXTargetDependency */,
			);
			name = "Test-DatabaseUITests";
			productName = "Test-DatabaseUITests";
			productReference = 5476A0811C3AE4BD00DC4054 /* Test-DatabaseUITests.xctest */;
			productType = "com.apple.product-type.bundle.ui-testing";
		};
/* End PBXNativeTarget section */

/* Begin PBXProject section */
		5476A0551C3AE4BD00DC4054 /* Project object */ = {
			isa = PBXProject;
			attributes = {
				LastUpgradeCheck = 0720;
				ORGANIZATIONNAME = superCode;
				TargetAttributes = {
					5476A05C1C3AE4BD00DC4054 = {
						CreatedOnToolsVersion = 7.2;
					};
					5476A0751C3AE4BD00DC4054 = {
						CreatedOnToolsVersion = 7.2;
						TestTargetID = 5476A05C1C3AE4BD00DC4054;
					};
					5476A0801C3AE4BD00DC4054 = {
						CreatedOnToolsVersion = 7.2;
						TestTargetID = 5476A05C1C3AE4BD00DC4054;
					};
				};
			};
			buildConfigurationList = 5476A0581C3AE4BD00DC4054 /* Build configuration list for PBXProject "Test-Database" */;
			compatibilityVersion = "Xcode 3.2";
			developmentRegion = English;
			hasScannedForEncodings = 0;
			knownRegions = (
				en,
				Base,
			);
			mainGroup = 5476A0541C3AE4BD00DC4054;
			productRefGroup = 5476A05E1C3AE4BD00DC4054 /* Products */;
			projectDirPath = "";
			projectRoot = "";
			targets = (
				5476A05C1C3AE4BD00DC4054 /* Test-Database */,
				5476A0751C3AE4BD00DC4054 /* Test-DatabaseTests */,
				5476A0801C3AE4BD00DC4054 /* Test-DatabaseUITests */,
			);
		};
/* End PBXProject section */

/* Begin PBXResourcesBuildPhase section */
		5476A05B1C3AE4BD00DC4054 /* Resources */ = {
			isa = PBXResourcesBuildPhase;
			buildActionMask = 2147483647;
			files = (
				5476A0701C3AE4BD00DC4054 /* LaunchScreen.storyboard in Resources */,
				5476A06D1C3AE4BD00DC4054 /* Assets.xcassets in Resources */,
				5476A06B1C3AE4BD00DC4054 /* Main.storyboard in Resources */,
			);
			runOnlyForDeploymentPostprocessing = 0;
		};
		5476A0741C3AE4BD00DC4054 /* Resources */ = {
			isa = PBXResourcesBuildPhase;
			buildActionMask = 2147483647;
			files = (
			);
			runOnlyForDeploymentPostprocessing = 0;
		};
		5476A07F1C3AE4BD00DC4054 /* Resources */ = {
			isa = PBXResourcesBuildPhase;
			buildActionMask = 2147483647;
			files = (
			);
			runOnlyForDeploymentPostprocessing = 0;
		};
/* End PBXResourcesBuildPhase section */

/* Begin PBXShellScriptBuildPhase section */
		0A4A7A6F3B159D1775861959 /* Embed Pods Frameworks */ = {
			isa = PBXShellScriptBuildPhase;
			buildActionMask = 2147483647;
			files = (
			);
			inputPaths = (
			);
			name = "Embed Pods Frameworks";
			outputPaths = (
			);
			runOnlyForDeploymentPostprocessing = 0;
			shellPath = /bin/sh;
			shellScript = "\"${SRCROOT}/Pods/Target Support Files/Pods/Pods-frameworks.sh\"\n";
			showEnvVarsInLog = 0;
		};
		DCE9C52BDE523586E13234B2 /* Check Pods Manifest.lock */ = {
			isa = PBXShellScriptBuildPhase;
			buildActionMask = 2147483647;
			files = (
			);
			inputPaths = (
			);
			name = "Check Pods Manifest.lock";
			outputPaths = (
			);
			runOnlyForDeploymentPostprocessing = 0;
			shellPath = /bin/sh;
			shellScript = "diff \"${PODS_ROOT}/../Podfile.lock\" \"${PODS_ROOT}/Manifest.lock\" > /dev/null\nif [[ $? != 0 ]] ; then\n    cat << EOM\nerror: The sandbox is not in sync with the Podfile.lock. Run 'pod install' or update your CocoaPods installation.\nEOM\n    exit 1\nfi\n";
			showEnvVarsInLog = 0;
		};
		F5DE63F9F00A9A44D161D150 /* Copy Pods Resources */ = {
			isa = PBXShellScriptBuildPhase;
			buildActionMask = 2147483647;
			files = (
			);
			inputPaths = (
			);
			name = "Copy Pods Resources";
			outputPaths = (
			);
			runOnlyForDeploymentPostprocessing = 0;
			shellPath = /bin/sh;
			shellScript = "\"${SRCROOT}/Pods/Target Support Files/Pods/Pods-resources.sh\"\n";
			showEnvVarsInLog = 0;
		};
/* End PBXShellScriptBuildPhase section */

/* Begin PBXSourcesBuildPhase section */
		5476A0591C3AE4BD00DC4054 /* Sources */ = {
			isa = PBXSourcesBuildPhase;
			buildActionMask = 2147483647;
			files = (
				5476A0681C3AE4BD00DC4054 /* ViewController.m in Sources */,
				5476A0651C3AE4BD00DC4054 /* AppDelegate.m in Sources */,
				5476A0621C3AE4BD00DC4054 /* main.m in Sources */,
			);
			runOnlyForDeploymentPostprocessing = 0;
		};
		5476A0721C3AE4BD00DC4054 /* Sources */ = {
			isa = PBXSourcesBuildPhase;
			buildActionMask = 2147483647;
			files = (
				5476A07B1C3AE4BD00DC4054 /* Test_DatabaseTests.m in Sources */,
			);
			runOnlyForDeploymentPostprocessing = 0;
		};
		5476A07D1C3AE4BD00DC4054 /* Sources */ = {
			isa = PBXSourcesBuildPhase;
			buildActionMask = 2147483647;
			files = (
				5476A0861C3AE4BD00DC4054 /* Test_DatabaseUITests.m in Sources */,
			);
			runOnlyForDeploymentPostprocessing = 0;
		};
/* End PBXSourcesBuildPhase section */

/* Begin PBXTargetDependency section */
		5476A0781C3AE4BD00DC4054 /* PBXTargetDependency */ = {
			isa = PBXTargetDependency;
			target = 5476A05C1C3AE4BD00DC4054 /* Test-Database */;
			targetProxy = 5476A0771C3AE4BD00DC4054 /* PBXContainerItemProxy */;
		};
		5476A0831C3AE4BD00DC4054 /* PBXTargetDependency */ = {
			isa = PBXTargetDependency;
			target = 5476A05C1C3AE4BD00DC4054 /* Test-Database */;
			targetProxy = 5476A0821C3AE4BD00DC4054 /* PBXContainerItemProxy */;
		};
/* End PBXTargetDependency section */

/* Begin PBXVariantGroup section */
		5476A0691C3AE4BD00DC4054 /* Main.storyboard */ = {
			isa = PBXVariantGroup;
			children = (
				5476A06A1C3AE4BD00DC4054 /* Base */,
			);
			name = Main.storyboard;
			sourceTree = "<group>";
		};
		5476A06E1C3AE4BD00DC4054 /* LaunchScreen.storyboard */ = {
			isa = PBXVariantGroup;
			children = (
				5476A06F1C3AE4BD00DC4054 /* Base */,
			);
			name = LaunchScreen.storyboard;
			sourceTree = "<group>";
		};
/* End PBXVariantGroup section */

/* Begin XCBuildConfiguration section */
		5476A0881C3AE4BD00DC4054 /* Debug */ = {
			isa = XCBuildConfiguration;
			buildSettings = {
				ALWAYS_SEARCH_USER_PATHS = NO;
				CLANG_CXX_LANGUAGE_STANDARD = "gnu++0x";
				CLANG_CXX_LIBRARY = "libc++";
				CLANG_ENABLE_MODULES = YES;
				CLANG_ENABLE_OBJC_ARC = YES;
				CLANG_WARN_BOOL_CONVERSION = YES;
				CLANG_WARN_CONSTANT_CONVERSION = YES;
				CLANG_WARN_DIRECT_OBJC_ISA_USAGE = YES_ERROR;
				CLANG_WARN_EMPTY_BODY = YES;
				CLANG_WARN_ENUM_CONVERSION = YES;
				CLANG_WARN_INT_CONVERSION = YES;
				CLANG_WARN_OBJC_ROOT_CLASS = YES_ERROR;
				CLANG_WARN_UNREACHABLE_CODE = YES;
				CLANG_WARN__DUPLICATE_METHOD_MATCH = YES;
				"CODE_SIGN_IDENTITY[sdk=iphoneos*]" = "iPhone Developer";
				COPY_PHASE_STRIP = NO;
				DEBUG_INFORMATION_FORMAT = dwarf;
				ENABLE_STRICT_OBJC_MSGSEND = YES;
				ENABLE_TESTABILITY = YES;
				GCC_C_LANGUAGE_STANDARD = gnu99;
				GCC_DYNAMIC_NO_PIC = NO;
				GCC_NO_COMMON_BLOCKS = YES;
				GCC_OPTIMIZATION_LEVEL = 0;
				GCC_PREPROCESSOR_DEFINITIONS = (
					"DEBUG=1",
					"$(inherited)",
				);
				GCC_WARN_64_TO_32_BIT_CONVERSION = YES;
				GCC_WARN_ABOUT_RETURN_TYPE = YES_ERROR;
				GCC_WARN_UNDECLARED_SELECTOR = YES;
				GCC_WARN_UNINITIALIZED_AUTOS = YES_AGGRESSIVE;
				GCC_WARN_UNUSED_FUNCTION = YES;
				GCC_WARN_UNUSED_VARIABLE = YES;
				IPHONEOS_DEPLOYMENT_TARGET = 9.2;
				MTL_ENABLE_DEBUG_INFO = YES;
				ONLY_ACTIVE_ARCH = YES;
				SDKROOT = iphoneos;
			};
			name = Debug;
		};
		5476A0891C3AE4BD00DC4054 /* Release */ = {
			isa = XCBuildConfiguration;
			buildSettings = {
				ALWAYS_SEARCH_USER_PATHS = NO;
				CLANG_CXX_LANGUAGE_STANDARD = "gnu++0x";
				CLANG_CXX_LIBRARY = "libc++";
				CLANG_ENABLE_MODULES = YES;
				CLANG_ENABLE_OBJC_ARC = YES;
				CLANG_WARN_BOOL_CONVERSION = YES;
				CLANG_WARN_CONSTANT_CONVERSION = YES;
				CLANG_WARN_DIRECT_OBJC_ISA_USAGE = YES_ERROR;
				CLANG_WARN_EMPTY_BODY = YES;
				CLANG_WARN_ENUM_CONVERSION = YES;
				CLANG_WARN_INT_CONVERSION = YES;
				CLANG_WARN_OBJC_ROOT_CLASS = YES_ERROR;
				CLANG_WARN_UNREACHABLE_CODE = YES;
				CLANG_WARN__DUPLICATE_METHOD_MATCH = YES;
				"CODE_SIGN_IDENTITY[sdk=iphoneos*]" = "iPhone Developer";
				COPY_PHASE_STRIP = NO;
				DEBUG_INFORMATION_FORMAT = "dwarf-with-dsym";
				ENABLE_NS_ASSERTIONS = NO;
				ENABLE_STRICT_OBJC_MSGSEND = YES;
				GCC_C_LANGUAGE_STANDARD = gnu99;
				GCC_NO_COMMON_BLOCKS = YES;
				GCC_WARN_64_TO_32_BIT_CONVERSION = YES;
				GCC_WARN_ABOUT_RETURN_TYPE = YES_ERROR;
				GCC_WARN_UNDECLARED_SELECTOR = YES;
				GCC_WARN_UNINITIALIZED_AUTOS = YES_AGGRESSIVE;
				GCC_WARN_UNUSED_FUNCTION = YES;
				GCC_WARN_UNUSED_VARIABLE = YES;
				IPHONEOS_DEPLOYMENT_TARGET = 9.2;
				MTL_ENABLE_DEBUG_INFO = NO;
				SDKROOT = iphoneos;
				VALIDATE_PRODUCT = YES;
			};
			name = Release;
		};
		5476A08B1C3AE4BD00DC4054 /* Debug */ = {
			isa = XCBuildConfiguration;
			baseConfigurationReference = 03A36A406350D47505430EDB /* Pods.debug.xcconfig */;
			buildSettings = {
				ASSETCATALOG_COMPILER_APPICON_NAME = AppIcon;
				INFOPLIST_FILE = "Test-Database/Info.plist";
				IPHONEOS_DEPLOYMENT_TARGET = 8.0;
				LD_RUNPATH_SEARCH_PATHS = "$(inherited) @executable_path/Frameworks";
				PRODUCT_BUNDLE_IDENTIFIER = "superCode.Test-Database";
				PRODUCT_NAME = "$(TARGET_NAME)";
			};
			name = Debug;
		};
		5476A08C1C3AE4BD00DC4054 /* Release */ = {
			isa = XCBuildConfiguration;
			baseConfigurationReference = D1B947E6BBB54A6D46FE78C8 /* Pods.release.xcconfig */;
			buildSettings = {
				ASSETCATALOG_COMPILER_APPICON_NAME = AppIcon;
				INFOPLIST_FILE = "Test-Database/Info.plist";
				IPHONEOS_DEPLOYMENT_TARGET = 8.0;
				LD_RUNPATH_SEARCH_PATHS = "$(inherited) @executable_path/Frameworks";
				PRODUCT_BUNDLE_IDENTIFIER = "superCode.Test-Database";
				PRODUCT_NAME = "$(TARGET_NAME)";
			};
			name = Release;
		};
		5476A08E1C3AE4BD00DC4054 /* Debug */ = {
			isa = XCBuildConfiguration;
			buildSettings = {
				BUNDLE_LOADER = "$(TEST_HOST)";
				INFOPLIST_FILE = "Test-DatabaseTests/Info.plist";
				LD_RUNPATH_SEARCH_PATHS = "$(inherited) @executable_path/Frameworks @loader_path/Frameworks";
				PRODUCT_BUNDLE_IDENTIFIER = "superCode.Test-DatabaseTests";
				PRODUCT_NAME = "$(TARGET_NAME)";
				TEST_HOST = "$(BUILT_PRODUCTS_DIR)/Test-Database.app/Test-Database";
			};
			name = Debug;
		};
		5476A08F1C3AE4BD00DC4054 /* Release */ = {
			isa = XCBuildConfiguration;
			buildSettings = {
				BUNDLE_LOADER = "$(TEST_HOST)";
				INFOPLIST_FILE = "Test-DatabaseTests/Info.plist";
				LD_RUNPATH_SEARCH_PATHS = "$(inherited) @executable_path/Frameworks @loader_path/Frameworks";
				PRODUCT_BUNDLE_IDENTIFIER = "superCode.Test-DatabaseTests";
				PRODUCT_NAME = "$(TARGET_NAME)";
				TEST_HOST = "$(BUILT_PRODUCTS_DIR)/Test-Database.app/Test-Database";
			};
			name = Release;
		};
		5476A0911C3AE4BD00DC4054 /* Debug */ = {
			isa = XCBuildConfiguration;
			buildSettings = {
				INFOPLIST_FILE = "Test-DatabaseUITests/Info.plist";
				LD_RUNPATH_SEARCH_PATHS = "$(inherited) @executable_path/Frameworks @loader_path/Frameworks";
				PRODUCT_BUNDLE_IDENTIFIER = "superCode.Test-DatabaseUITests";
				PRODUCT_NAME = "$(TARGET_NAME)";
				TEST_TARGET_NAME = "Test-Database";
				USES_XCTRUNNER = YES;
			};
			name = Debug;
		};
		5476A0921C3AE4BD00DC4054 /* Release */ = {
			isa = XCBuildConfiguration;
			buildSettings = {
				INFOPLIST_FILE = "Test-DatabaseUITests/Info.plist";
				LD_RUNPATH_SEARCH_PATHS = "$(inherited) @executable_path/Frameworks @loader_path/Frameworks";
				PRODUCT_BUNDLE_IDENTIFIER = "superCode.Test-DatabaseUITests";
				PRODUCT_NAME = "$(TARGET_NAME)";
				TEST_TARGET_NAME = "Test-Database";
				USES_XCTRUNNER = YES;
			};
			name = Release;
		};
/* End XCBuildConfiguration section */

/* Begin XCConfigurationList section */
		5476A0581C3AE4BD00DC4054 /* Build configuration list for PBXProject "Test-Database" */ = {
			isa = XCConfigurationList;
			buildConfigurations = (
				5476A0881C3AE4BD00DC4054 /* Debug */,
				5476A0891C3AE4BD00DC4054 /* Release */,
			);
			defaultConfigurationIsVisible = 0;
			defaultConfigurationName = Release;
		};
		5476A08A1C3AE4BD00DC4054 /* Build configuration list for PBXNativeTarget "Test-Database" */ = {
			isa = XCConfigurationList;
			buildConfigurations = (
				5476A08B1C3AE4BD00DC4054 /* Debug */,
				5476A08C1C3AE4BD00DC4054 /* Release */,
			);
			defaultConfigurationIsVisible = 0;
			defaultConfigurationName = Release;
		};
		5476A08D1C3AE4BD00DC4054 /* Build configuration list for PBXNativeTarget "Test-DatabaseTests" */ = {
			isa = XCConfigurationList;
			buildConfigurations = (
				5476A08E1C3AE4BD00DC4054 /* Debug */,
				5476A08F1C3AE4BD00DC4054 /* Release */,
			);
			defaultConfigurationIsVisible = 0;
			defaultConfigurationName = Release;
		};
		5476A0901C3AE4BD00DC4054 /* Build configuration list for PBXNativeTarget "Test-DatabaseUITests" */ = {
			isa = XCConfigurationList;
			buildConfigurations = (
				5476A0911C3AE4BD00DC4054 /* Debug */,
				5476A0921C3AE4BD00DC4054 /* Release */,
			);
			defaultConfigurationIsVisible = 0;
			defaultConfigurationName = Release;
		};
/* End XCConfigurationList section */
	};
	rootObject = 5476A0551C3AE4BD00DC4054 /* Project object */;
}
